
Microsoft Visual Studio Solution File, Format Version 12.00
# Visual Studio 14
VisualStudioVersion = 14.0.23107.0
MinimumVisualStudioVersion = 10.0.40219.1
Project("{FAE04EC0-301F-11D3-BF4B-00C04F79EFBC}") = "BuscaLogo", "project\BuscaLogo.csproj", "{C46CFAE3-5479-4450-BF23-9ED004451B1F}"
EndProject
Project("{FAE04EC0-301F-11D3-BF4B-00C04F79EFBC}") = "BTree", "btree-dotnet\BTree.csproj", "{031678E5-2AD7-4426-8A9C-6A7E269F47C8}"
EndProject
Global
	GlobalSection(SolutionConfigurationPlatforms) = preSolution
		Debug|Any CPU = Debug|Any CPU
		Release|Any CPU = Release|Any CPU
	EndGlobalSection
	GlobalSection(ProjectConfigurationPlatforms) = postSolution
		{C46CFAE3-5479-4450-BF23-9ED004451B1F}.Debug|Any CPU.ActiveCfg = Debug|Any CPU
		{C46CFAE3-5479-4450-BF23-9ED004451B1F}.Debug|Any CPU.Build.0 = Debug|Any CPU
		{C46CFAE3-5479-4450-BF23-9ED004451B1F}.Release|Any CPU.ActiveCfg = Release|Any CPU
		{C46CFAE3-5479-4450-BF23-9ED004451B1F}.Release|Any CPU.Build.0 = Release|Any CPU
		{031678E5-2AD7-4426-8A9C-6A7E269F47C8}.Debug|Any CPU.ActiveCfg = Debug|Any CPU
		{031678E5-2AD7-4426-8A9C-6A7E269F47C8}.Debug|Any CPU.Build.0 = Debug|Any CPU
		{031678E5-2AD7-4426-8A9C-6A7E269F47C8}.Release|Any CPU.ActiveCfg = Release|Any CPU
		{031678E5-2AD7-4426-8A9C-6A7E269F47C8}.Release|Any CPU.Build.0 = Release|Any CPU
	EndGlobalSection
	GlobalSection(SolutionProperties) = preSolution
		HideSolutionNode = FALSE
	EndGlobalSection
EndGlobal
